// !$*UTF8*$!
{
	archiveVersion = 1;
	classes = {
	};
	objectVersion = 46;
	objects = {

/* Begin PBXAggregateTarget section */
		1A75E4FB187C7AD800961844 /* Framework */ = {
			isa = PBXAggregateTarget;
			buildConfigurationList = 1A75E4FC187C7AD800961844 /* Build configuration list for PBXAggregateTarget "Framework" */;
			buildPhases = (
				1A75E501187C7B0C00961844 /* ShellScript */,
			);
			dependencies = (
				1A75E500187C7AE100961844 /* PBXTargetDependency */,
			);
			name = Framework;
			productName = Framework;
		};
/* End PBXAggregateTarget section */

/* Begin PBXBuildFile section */
		1A372919187DB30B00129211 /* PFPetVideoType.h in Headers */ = {isa = PBXBuildFile; fileRef = 1A372917187DB30B00129211 /* PFPetVideoType.h */; settings = {ATTRIBUTES = (Public, ); }; };
		1A37291A187DB30B00129211 /* PFPetVideoType.m in Sources */ = {isa = PBXBuildFile; fileRef = 1A372918187DB30B00129211 /* PFPetVideoType.m */; };
		1A37291D187DCB0F00129211 /* PFBaseRequest.h in Headers */ = {isa = PBXBuildFile; fileRef = 1A37291B187DCB0F00129211 /* PFBaseRequest.h */; settings = {ATTRIBUTES = (Public, ); }; };
		1A37291E187DCB0F00129211 /* PFBaseRequest.m in Sources */ = {isa = PBXBuildFile; fileRef = 1A37291C187DCB0F00129211 /* PFBaseRequest.m */; };
		1A372A2D187DD17000129211 /* AFHTTPRequestOperation.h in Headers */ = {isa = PBXBuildFile; fileRef = 1A372A1A187DD17000129211 /* AFHTTPRequestOperation.h */; };
		1A372A2E187DD17000129211 /* AFHTTPRequestOperation.m in Sources */ = {isa = PBXBuildFile; fileRef = 1A372A1B187DD17000129211 /* AFHTTPRequestOperation.m */; };
		1A372A2F187DD17000129211 /* AFHTTPRequestOperationManager.h in Headers */ = {isa = PBXBuildFile; fileRef = 1A372A1C187DD17000129211 /* AFHTTPRequestOperationManager.h */; };
		1A372A30187DD17000129211 /* AFHTTPRequestOperationManager.m in Sources */ = {isa = PBXBuildFile; fileRef = 1A372A1D187DD17000129211 /* AFHTTPRequestOperationManager.m */; };
		1A372A31187DD17000129211 /* AFHTTPSessionManager.h in Headers */ = {isa = PBXBuildFile; fileRef = 1A372A1E187DD17000129211 /* AFHTTPSessionManager.h */; };
		1A372A32187DD17000129211 /* AFHTTPSessionManager.m in Sources */ = {isa = PBXBuildFile; fileRef = 1A372A1F187DD17000129211 /* AFHTTPSessionManager.m */; };
		1A372A33187DD17000129211 /* AFNetworking.h in Headers */ = {isa = PBXBuildFile; fileRef = 1A372A20187DD17000129211 /* AFNetworking.h */; };
		1A372A34187DD17000129211 /* AFNetworkReachabilityManager.h in Headers */ = {isa = PBXBuildFile; fileRef = 1A372A21187DD17000129211 /* AFNetworkReachabilityManager.h */; };
		1A372A35187DD17000129211 /* AFNetworkReachabilityManager.m in Sources */ = {isa = PBXBuildFile; fileRef = 1A372A22187DD17000129211 /* AFNetworkReachabilityManager.m */; };
		1A372A36187DD17000129211 /* AFSecurityPolicy.h in Headers */ = {isa = PBXBuildFile; fileRef = 1A372A23187DD17000129211 /* AFSecurityPolicy.h */; };
		1A372A37187DD17000129211 /* AFSecurityPolicy.m in Sources */ = {isa = PBXBuildFile; fileRef = 1A372A24187DD17000129211 /* AFSecurityPolicy.m */; };
		1A372A38187DD17000129211 /* AFURLConnectionOperation.h in Headers */ = {isa = PBXBuildFile; fileRef = 1A372A25187DD17000129211 /* AFURLConnectionOperation.h */; };
		1A372A39187DD17000129211 /* AFURLConnectionOperation.m in Sources */ = {isa = PBXBuildFile; fileRef = 1A372A26187DD17000129211 /* AFURLConnectionOperation.m */; };
		1A372A3A187DD17000129211 /* AFURLRequestSerialization.h in Headers */ = {isa = PBXBuildFile; fileRef = 1A372A27187DD17000129211 /* AFURLRequestSerialization.h */; };
		1A372A3B187DD17000129211 /* AFURLRequestSerialization.m in Sources */ = {isa = PBXBuildFile; fileRef = 1A372A28187DD17000129211 /* AFURLRequestSerialization.m */; };
		1A372A3C187DD17000129211 /* AFURLResponseSerialization.h in Headers */ = {isa = PBXBuildFile; fileRef = 1A372A29187DD17000129211 /* AFURLResponseSerialization.h */; };
		1A372A3D187DD17000129211 /* AFURLResponseSerialization.m in Sources */ = {isa = PBXBuildFile; fileRef = 1A372A2A187DD17000129211 /* AFURLResponseSerialization.m */; };
		1A372A3E187DD17000129211 /* AFURLSessionManager.h in Headers */ = {isa = PBXBuildFile; fileRef = 1A372A2B187DD17000129211 /* AFURLSessionManager.h */; };
		1A372A3F187DD17000129211 /* AFURLSessionManager.m in Sources */ = {isa = PBXBuildFile; fileRef = 1A372A2C187DD17000129211 /* AFURLSessionManager.m */; };
		1A372A4B18807C0000129211 /* NSArray+Extras.h in Headers */ = {isa = PBXBuildFile; fileRef = 1A372A4918807C0000129211 /* NSArray+Extras.h */; settings = {ATTRIBUTES = (Public, ); }; };
		1A372A4C18807C0000129211 /* NSArray+Extras.m in Sources */ = {isa = PBXBuildFile; fileRef = 1A372A4A18807C0000129211 /* NSArray+Extras.m */; };
		1A4545B1187CA8E000A33EF8 /* PFPetOptionList.h in Headers */ = {isa = PBXBuildFile; fileRef = 1A4545AF187CA8E000A33EF8 /* PFPetOptionList.h */; settings = {ATTRIBUTES = (Public, ); }; };
		1A4545B2187CA8E000A33EF8 /* PFPetOptionList.m in Sources */ = {isa = PBXBuildFile; fileRef = 1A4545B0187CA8E000A33EF8 /* PFPetOptionList.m */; };
		1A4545B5187CABE400A33EF8 /* PFConstants.h in Headers */ = {isa = PBXBuildFile; fileRef = 1A4545B3187CABE400A33EF8 /* PFConstants.h */; settings = {ATTRIBUTES = (Public, ); }; };
		1A4545B6187CABE400A33EF8 /* PFConstants.m in Sources */ = {isa = PBXBuildFile; fileRef = 1A4545B4187CABE400A33EF8 /* PFConstants.m */; };
		1A4545B9187D054000A33EF8 /* PFMacros.h in Headers */ = {isa = PBXBuildFile; fileRef = 1A4545B7187D054000A33EF8 /* PFMacros.h */; };
		1A4545BD187D0B1B00A33EF8 /* NSObject+Extras.h in Headers */ = {isa = PBXBuildFile; fileRef = 1A4545BB187D0B1B00A33EF8 /* NSObject+Extras.h */; settings = {ATTRIBUTES = (Public, ); }; };
		1A4545BE187D0B1B00A33EF8 /* NSObject+Extras.m in Sources */ = {isa = PBXBuildFile; fileRef = 1A4545BC187D0B1B00A33EF8 /* NSObject+Extras.m */; };
		1A75E4D3187C79C200961844 /* Foundation.framework in Frameworks */ = {isa = PBXBuildFile; fileRef = 1A75E4D2187C79C200961844 /* Foundation.framework */; };
		1A75E4D8187C79C200961844 /* PetFinderAPI.h in CopyFiles */ = {isa = PBXBuildFile; fileRef = 1A75E4D7187C79C200961844 /* PetFinderAPI.h */; };
		1A75E4E1187C79C200961844 /* XCTest.framework in Frameworks */ = {isa = PBXBuildFile; fileRef = 1A75E4E0187C79C200961844 /* XCTest.framework */; };
		1A75E4E2187C79C200961844 /* Foundation.framework in Frameworks */ = {isa = PBXBuildFile; fileRef = 1A75E4D2187C79C200961844 /* Foundation.framework */; };
		1A75E4E4187C79C200961844 /* UIKit.framework in Frameworks */ = {isa = PBXBuildFile; fileRef = 1A75E4E3187C79C200961844 /* UIKit.framework */; };
		1A75E4E7187C79C200961844 /* libPetFinderAPI.a in Frameworks */ = {isa = PBXBuildFile; fileRef = 1A75E4CF187C79C200961844 /* libPetFinderAPI.a */; };
		1A75E4ED187C79C200961844 /* InfoPlist.strings in Resources */ = {isa = PBXBuildFile; fileRef = 1A75E4EB187C79C200961844 /* InfoPlist.strings */; };
		1A75E4EF187C79C200961844 /* PetFinderAPITests.m in Sources */ = {isa = PBXBuildFile; fileRef = 1A75E4EE187C79C200961844 /* PetFinderAPITests.m */; };
		1A75E4F9187C7A0200961844 /* PetFinderAPI.h in Headers */ = {isa = PBXBuildFile; fileRef = 1A75E4D7187C79C200961844 /* PetFinderAPI.h */; settings = {ATTRIBUTES = (Public, ); }; };
		1A75E510187C7D8F00961844 /* NSDate+Extras.h in Headers */ = {isa = PBXBuildFile; fileRef = 1A75E50A187C7D8F00961844 /* NSDate+Extras.h */; settings = {ATTRIBUTES = (Public, ); }; };
		1A75E511187C7D8F00961844 /* NSDate+Extras.m in Sources */ = {isa = PBXBuildFile; fileRef = 1A75E50B187C7D8F00961844 /* NSDate+Extras.m */; };
		1A75E512187C7D8F00961844 /* NSDictionary+Extras.h in Headers */ = {isa = PBXBuildFile; fileRef = 1A75E50C187C7D8F00961844 /* NSDictionary+Extras.h */; settings = {ATTRIBUTES = (Public, ); }; };
		1A75E513187C7D8F00961844 /* NSDictionary+Extras.m in Sources */ = {isa = PBXBuildFile; fileRef = 1A75E50D187C7D8F00961844 /* NSDictionary+Extras.m */; };
		1A75E514187C7D8F00961844 /* NSString+Extras.h in Headers */ = {isa = PBXBuildFile; fileRef = 1A75E50E187C7D8F00961844 /* NSString+Extras.h */; settings = {ATTRIBUTES = (Public, ); }; };
		1A75E515187C7D8F00961844 /* NSString+Extras.m in Sources */ = {isa = PBXBuildFile; fileRef = 1A75E50F187C7D8F00961844 /* NSString+Extras.m */; };
		1A75E518187C7DAE00961844 /* PFError.h in Headers */ = {isa = PBXBuildFile; fileRef = 1A75E516187C7DAE00961844 /* PFError.h */; settings = {ATTRIBUTES = (Public, ); }; };
		1A75E519187C7DAE00961844 /* PFError.m in Sources */ = {isa = PBXBuildFile; fileRef = 1A75E517187C7DAE00961844 /* PFError.m */; };
		1A75E51C187C7DC100961844 /* PFExceptions.h in Headers */ = {isa = PBXBuildFile; fileRef = 1A75E51A187C7DC100961844 /* PFExceptions.h */; settings = {ATTRIBUTES = (Public, ); }; };
		1A75E51D187C7DC100961844 /* PFExceptions.m in Sources */ = {isa = PBXBuildFile; fileRef = 1A75E51B187C7DC100961844 /* PFExceptions.m */; };
		1A75E520187C7DE900961844 /* PFClient.h in Headers */ = {isa = PBXBuildFile; fileRef = 1A75E51E187C7DE900961844 /* PFClient.h */; settings = {ATTRIBUTES = (Public, ); }; };
		1A75E521187C7DE900961844 /* PFClient.m in Sources */ = {isa = PBXBuildFile; fileRef = 1A75E51F187C7DE900961844 /* PFClient.m */; };
		1A75E524187C843200961844 /* PFBreedListRequest.h in Headers */ = {isa = PBXBuildFile; fileRef = 1A75E522187C843200961844 /* PFBreedListRequest.h */; settings = {ATTRIBUTES = (Public, ); }; };
		1A75E525187C843200961844 /* PFBreedListRequest.m in Sources */ = {isa = PBXBuildFile; fileRef = 1A75E523187C843200961844 /* PFBreedListRequest.m */; };
		1A75E528187C846900961844 /* PFPetGetRequest.h in Headers */ = {isa = PBXBuildFile; fileRef = 1A75E526187C846900961844 /* PFPetGetRequest.h */; settings = {ATTRIBUTES = (Public, ); }; };
		1A75E529187C846900961844 /* PFPetGetRequest.m in Sources */ = {isa = PBXBuildFile; fileRef = 1A75E527187C846900961844 /* PFPetGetRequest.m */; };
		1A75E52C187C848300961844 /* PFPetGetRandomRequest.h in Headers */ = {isa = PBXBuildFile; fileRef = 1A75E52A187C848300961844 /* PFPetGetRandomRequest.h */; settings = {ATTRIBUTES = (Public, ); }; };
		1A75E52D187C848300961844 /* PFPetGetRandomRequest.m in Sources */ = {isa = PBXBuildFile; fileRef = 1A75E52B187C848300961844 /* PFPetGetRandomRequest.m */; };
		1A75E530187C849A00961844 /* PFPetFindRequest.h in Headers */ = {isa = PBXBuildFile; fileRef = 1A75E52E187C849A00961844 /* PFPetFindRequest.h */; settings = {ATTRIBUTES = (Public, ); }; };
		1A75E531187C849A00961844 /* PFPetFindRequest.m in Sources */ = {isa = PBXBuildFile; fileRef = 1A75E52F187C849A00961844 /* PFPetFindRequest.m */; };
		1A75E534187C84B000961844 /* PFShelterFindRequest.h in Headers */ = {isa = PBXBuildFile; fileRef = 1A75E532187C84B000961844 /* PFShelterFindRequest.h */; settings = {ATTRIBUTES = (Public, ); }; };
		1A75E535187C84B000961844 /* PFShelterFindRequest.m in Sources */ = {isa = PBXBuildFile; fileRef = 1A75E533187C84B000961844 /* PFShelterFindRequest.m */; };
		1A75E538187C84D200961844 /* PFShelterGetRequest.h in Headers */ = {isa = PBXBuildFile; fileRef = 1A75E536187C84D200961844 /* PFShelterGetRequest.h */; settings = {ATTRIBUTES = (Public, ); }; };
		1A75E539187C84D200961844 /* PFShelterGetRequest.m in Sources */ = {isa = PBXBuildFile; fileRef = 1A75E537187C84D200961844 /* PFShelterGetRequest.m */; };
		1A75E53C187C84ED00961844 /* PFShelterGetPetsRequest.h in Headers */ = {isa = PBXBuildFile; fileRef = 1A75E53A187C84ED00961844 /* PFShelterGetPetsRequest.h */; settings = {ATTRIBUTES = (Public, ); }; };
		1A75E53D187C84ED00961844 /* PFShelterGetPetsRequest.m in Sources */ = {isa = PBXBuildFile; fileRef = 1A75E53B187C84ED00961844 /* PFShelterGetPetsRequest.m */; };
		1A75E540187C852500961844 /* PFShelterListByBreedRequest.h in Headers */ = {isa = PBXBuildFile; fileRef = 1A75E53E187C852500961844 /* PFShelterListByBreedRequest.h */; settings = {ATTRIBUTES = (Public, ); }; };
		1A75E541187C852500961844 /* PFShelterListByBreedRequest.m in Sources */ = {isa = PBXBuildFile; fileRef = 1A75E53F187C852500961844 /* PFShelterListByBreedRequest.m */; };
		1A75E544187C891200961844 /* PFBreedType.h in Headers */ = {isa = PBXBuildFile; fileRef = 1A75E542187C891200961844 /* PFBreedType.h */; settings = {ATTRIBUTES = (Public, ); }; };
		1A75E545187C891200961844 /* PFBreedType.m in Sources */ = {isa = PBXBuildFile; fileRef = 1A75E543187C891200961844 /* PFBreedType.m */; };
		1A75E548187C893F00961844 /* PFPetIDType.h in Headers */ = {isa = PBXBuildFile; fileRef = 1A75E546187C893F00961844 /* PFPetIDType.h */; settings = {ATTRIBUTES = (Public, ); }; };
		1A75E549187C893F00961844 /* PFPetIDType.m in Sources */ = {isa = PBXBuildFile; fileRef = 1A75E547187C893F00961844 /* PFPetIDType.m */; };
		1A75E54C187C895900961844 /* PFPetRecord.h in Headers */ = {isa = PBXBuildFile; fileRef = 1A75E54A187C895900961844 /* PFPetRecord.h */; settings = {ATTRIBUTES = (Public, ); }; };
		1A75E54D187C895900961844 /* PFPetRecord.m in Sources */ = {isa = PBXBuildFile; fileRef = 1A75E54B187C895900961844 /* PFPetRecord.m */; };
		1A75E550187C89B500961844 /* PFPetContactType.h in Headers */ = {isa = PBXBuildFile; fileRef = 1A75E54E187C89B500961844 /* PFPetContactType.h */; settings = {ATTRIBUTES = (Public, ); }; };
		1A75E551187C89B500961844 /* PFPetContactType.m in Sources */ = {isa = PBXBuildFile; fileRef = 1A75E54F187C89B500961844 /* PFPetContactType.m */; };
		1A75E554187C89CE00961844 /* PFShelterIDType.h in Headers */ = {isa = PBXBuildFile; fileRef = 1A75E552187C89CE00961844 /* PFShelterIDType.h */; settings = {ATTRIBUTES = (Public, ); }; };
		1A75E555187C89CE00961844 /* PFShelterIDType.m in Sources */ = {isa = PBXBuildFile; fileRef = 1A75E553187C89CE00961844 /* PFShelterIDType.m */; };
		1A75E558187C89FA00961844 /* PFPetStatusType.h in Headers */ = {isa = PBXBuildFile; fileRef = 1A75E556187C89FA00961844 /* PFPetStatusType.h */; settings = {ATTRIBUTES = (Public, ); }; };
		1A75E559187C89FA00961844 /* PFPetStatusType.m in Sources */ = {isa = PBXBuildFile; fileRef = 1A75E557187C89FA00961844 /* PFPetStatusType.m */; };
		1A75E55C187C8A1500961844 /* PFPetGenderType.h in Headers */ = {isa = PBXBuildFile; fileRef = 1A75E55A187C8A1500961844 /* PFPetGenderType.h */; settings = {ATTRIBUTES = (Public, ); }; };
		1A75E55D187C8A1500961844 /* PFPetGenderType.m in Sources */ = {isa = PBXBuildFile; fileRef = 1A75E55B187C8A1500961844 /* PFPetGenderType.m */; };
		1A75E560187C8A2B00961844 /* PFPetAgeType.h in Headers */ = {isa = PBXBuildFile; fileRef = 1A75E55E187C8A2B00961844 /* PFPetAgeType.h */; settings = {ATTRIBUTES = (Public, ); }; };
		1A75E561187C8A2B00961844 /* PFPetAgeType.m in Sources */ = {isa = PBXBuildFile; fileRef = 1A75E55F187C8A2B00961844 /* PFPetAgeType.m */; };
		1A75E564187C8A4500961844 /* PFPetSizeType.h in Headers */ = {isa = PBXBuildFile; fileRef = 1A75E562187C8A4500961844 /* PFPetSizeType.h */; settings = {ATTRIBUTES = (Public, ); }; };
		1A75E565187C8A4500961844 /* PFPetSizeType.m in Sources */ = {isa = PBXBuildFile; fileRef = 1A75E563187C8A4500961844 /* PFPetSizeType.m */; };
		1A75E568187C8A5700961844 /* PFAnimalType.h in Headers */ = {isa = PBXBuildFile; fileRef = 1A75E566187C8A5700961844 /* PFAnimalType.h */; settings = {ATTRIBUTES = (Public, ); }; };
		1A75E569187C8A5700961844 /* PFAnimalType.m in Sources */ = {isa = PBXBuildFile; fileRef = 1A75E567187C8A5700961844 /* PFAnimalType.m */; };
		1A75E56C187C8A7800961844 /* PFPetOptionType.h in Headers */ = {isa = PBXBuildFile; fileRef = 1A75E56A187C8A7800961844 /* PFPetOptionType.h */; settings = {ATTRIBUTES = (Public, ); }; };
		1A75E56D187C8A7800961844 /* PFPetOptionType.m in Sources */ = {isa = PBXBuildFile; fileRef = 1A75E56B187C8A7800961844 /* PFPetOptionType.m */; };
		1A75E572187C8AEE00961844 /* PFShelterRecord.h in Headers */ = {isa = PBXBuildFile; fileRef = 1A75E570187C8AEE00961844 /* PFShelterRecord.h */; settings = {ATTRIBUTES = (Public, ); }; };
		1A75E573187C8AEE00961844 /* PFShelterRecord.m in Sources */ = {isa = PBXBuildFile; fileRef = 1A75E571187C8AEE00961844 /* PFShelterRecord.m */; };
		1A75E576187C8B3C00961844 /* PFShelterRecordList.h in Headers */ = {isa = PBXBuildFile; fileRef = 1A75E574187C8B3C00961844 /* PFShelterRecordList.h */; settings = {ATTRIBUTES = (Public, ); }; };
		1A75E577187C8B3C00961844 /* PFShelterRecordList.m in Sources */ = {isa = PBXBuildFile; fileRef = 1A75E575187C8B3C00961844 /* PFShelterRecordList.m */; };
		1A75E57A187C8B6000961844 /* PFPetPhotoType.h in Headers */ = {isa = PBXBuildFile; fileRef = 1A75E578187C8B6000961844 /* PFPetPhotoType.h */; settings = {ATTRIBUTES = (Public, ); }; };
		1A75E57B187C8B6000961844 /* PFPetPhotoType.m in Sources */ = {isa = PBXBuildFile; fileRef = 1A75E579187C8B6000961844 /* PFPetPhotoType.m */; };
		1A75E57E187C8B7600961844 /* PFPetRecordList.h in Headers */ = {isa = PBXBuildFile; fileRef = 1A75E57C187C8B7600961844 /* PFPetRecordList.h */; settings = {ATTRIBUTES = (Public, ); }; };
		1A75E57F187C8B7600961844 /* PFPetRecordList.m in Sources */ = {isa = PBXBuildFile; fileRef = 1A75E57D187C8B7600961844 /* PFPetRecordList.m */; };
		1A75E582187C8BF700961844 /* PFBreedList.h in Headers */ = {isa = PBXBuildFile; fileRef = 1A75E580187C8BF700961844 /* PFBreedList.h */; settings = {ATTRIBUTES = (Public, ); }; };
		1A75E583187C8BF700961844 /* PFBreedList.m in Sources */ = {isa = PBXBuildFile; fileRef = 1A75E581187C8BF700961844 /* PFBreedList.m */; };
		1A75E586187C8C7800961844 /* PFPetIDList.h in Headers */ = {isa = PBXBuildFile; fileRef = 1A75E584187C8C7800961844 /* PFPetIDList.h */; settings = {ATTRIBUTES = (Public, ); }; };
		1A75E587187C8C7800961844 /* PFPetIDList.m in Sources */ = {isa = PBXBuildFile; fileRef = 1A75E585187C8C7800961844 /* PFPetIDList.m */; };
		1A75E58D187C93B600961844 /* PFPetMediaType.h in Headers */ = {isa = PBXBuildFile; fileRef = 1A75E58B187C93B600961844 /* PFPetMediaType.h */; settings = {ATTRIBUTES = (Public, ); }; };
		1A75E58E187C93B600961844 /* PFPetMediaType.m in Sources */ = {isa = PBXBuildFile; fileRef = 1A75E58C187C93B600961844 /* PFPetMediaType.m */; };
		1AC092211881B63700DDD8DB /* MapKit.framework in Frameworks */ = {isa = PBXBuildFile; fileRef = 1AC092201881B63700DDD8DB /* MapKit.framework */; };
/* End PBXBuildFile section */

/* Begin PBXContainerItemProxy section */
		1A75E4E5187C79C200961844 /* PBXContainerItemProxy */ = {
			isa = PBXContainerItemProxy;
			containerPortal = 1A75E4C7187C79C200961844 /* Project object */;
			proxyType = 1;
			remoteGlobalIDString = 1A75E4CE187C79C200961844;
			remoteInfo = PetFinderAPI;
		};
		1A75E4FF187C7AE100961844 /* PBXContainerItemProxy */ = {
			isa = PBXContainerItemProxy;
			containerPortal = 1A75E4C7187C79C200961844 /* Project object */;
			proxyType = 1;
			remoteGlobalIDString = 1A75E4CE187C79C200961844;
			remoteInfo = PetFinderAPI;
		};
/* End PBXContainerItemProxy section */

/* Begin PBXCopyFilesBuildPhase section */
		1A75E4CD187C79C200961844 /* CopyFiles */ = {
			isa = PBXCopyFilesBuildPhase;
			buildActionMask = 2147483647;
			dstPath = "include/$(PRODUCT_NAME)";
			dstSubfolderSpec = 16;
			files = (
				1A75E4D8187C79C200961844 /* PetFinderAPI.h in CopyFiles */,
			);
			runOnlyForDeploymentPostprocessing = 0;
		};
/* End PBXCopyFilesBuildPhase section */

/* Begin PBXFileReference section */
		1A372917187DB30B00129211 /* PFPetVideoType.h */ = {isa = PBXFileReference; fileEncoding = 4; lastKnownFileType = sourcecode.c.h; path = PFPetVideoType.h; sourceTree = "<group>"; };
		1A372918187DB30B00129211 /* PFPetVideoType.m */ = {isa = PBXFileReference; fileEncoding = 4; lastKnownFileType = sourcecode.c.objc; path = PFPetVideoType.m; sourceTree = "<group>"; };
		1A37291B187DCB0F00129211 /* PFBaseRequest.h */ = {isa = PBXFileReference; fileEncoding = 4; lastKnownFileType = sourcecode.c.h; path = PFBaseRequest.h; sourceTree = "<group>"; };
		1A37291C187DCB0F00129211 /* PFBaseRequest.m */ = {isa = PBXFileReference; fileEncoding = 4; lastKnownFileType = sourcecode.c.objc; path = PFBaseRequest.m; sourceTree = "<group>"; };
		1A372A1A187DD17000129211 /* AFHTTPRequestOperation.h */ = {isa = PBXFileReference; fileEncoding = 4; lastKnownFileType = sourcecode.c.h; path = AFHTTPRequestOperation.h; sourceTree = "<group>"; };
		1A372A1B187DD17000129211 /* AFHTTPRequestOperation.m */ = {isa = PBXFileReference; fileEncoding = 4; lastKnownFileType = sourcecode.c.objc; path = AFHTTPRequestOperation.m; sourceTree = "<group>"; };
		1A372A1C187DD17000129211 /* AFHTTPRequestOperationManager.h */ = {isa = PBXFileReference; fileEncoding = 4; lastKnownFileType = sourcecode.c.h; path = AFHTTPRequestOperationManager.h; sourceTree = "<group>"; };
		1A372A1D187DD17000129211 /* AFHTTPRequestOperationManager.m */ = {isa = PBXFileReference; fileEncoding = 4; lastKnownFileType = sourcecode.c.objc; path = AFHTTPRequestOperationManager.m; sourceTree = "<group>"; };
		1A372A1E187DD17000129211 /* AFHTTPSessionManager.h */ = {isa = PBXFileReference; fileEncoding = 4; lastKnownFileType = sourcecode.c.h; path = AFHTTPSessionManager.h; sourceTree = "<group>"; };
		1A372A1F187DD17000129211 /* AFHTTPSessionManager.m */ = {isa = PBXFileReference; fileEncoding = 4; lastKnownFileType = sourcecode.c.objc; path = AFHTTPSessionManager.m; sourceTree = "<group>"; };
		1A372A20187DD17000129211 /* AFNetworking.h */ = {isa = PBXFileReference; fileEncoding = 4; lastKnownFileType = sourcecode.c.h; path = AFNetworking.h; sourceTree = "<group>"; };
		1A372A21187DD17000129211 /* AFNetworkReachabilityManager.h */ = {isa = PBXFileReference; fileEncoding = 4; lastKnownFileType = sourcecode.c.h; path = AFNetworkReachabilityManager.h; sourceTree = "<group>"; };
		1A372A22187DD17000129211 /* AFNetworkReachabilityManager.m */ = {isa = PBXFileReference; fileEncoding = 4; lastKnownFileType = sourcecode.c.objc; path = AFNetworkReachabilityManager.m; sourceTree = "<group>"; };
		1A372A23187DD17000129211 /* AFSecurityPolicy.h */ = {isa = PBXFileReference; fileEncoding = 4; lastKnownFileType = sourcecode.c.h; path = AFSecurityPolicy.h; sourceTree = "<group>"; };
		1A372A24187DD17000129211 /* AFSecurityPolicy.m */ = {isa = PBXFileReference; fileEncoding = 4; lastKnownFileType = sourcecode.c.objc; path = AFSecurityPolicy.m; sourceTree = "<group>"; };
		1A372A25187DD17000129211 /* AFURLConnectionOperation.h */ = {isa = PBXFileReference; fileEncoding = 4; lastKnownFileType = sourcecode.c.h; path = AFURLConnectionOperation.h; sourceTree = "<group>"; };
		1A372A26187DD17000129211 /* AFURLConnectionOperation.m */ = {isa = PBXFileReference; fileEncoding = 4; lastKnownFileType = sourcecode.c.objc; path = AFURLConnectionOperation.m; sourceTree = "<group>"; };
		1A372A27187DD17000129211 /* AFURLRequestSerialization.h */ = {isa = PBXFileReference; fileEncoding = 4; lastKnownFileType = sourcecode.c.h; path = AFURLRequestSerialization.h; sourceTree = "<group>"; };
		1A372A28187DD17000129211 /* AFURLRequestSerialization.m */ = {isa = PBXFileReference; fileEncoding = 4; lastKnownFileType = sourcecode.c.objc; path = AFURLRequestSerialization.m; sourceTree = "<group>"; };
		1A372A29187DD17000129211 /* AFURLResponseSerialization.h */ = {isa = PBXFileReference; fileEncoding = 4; lastKnownFileType = sourcecode.c.h; path = AFURLResponseSerialization.h; sourceTree = "<group>"; };
		1A372A2A187DD17000129211 /* AFURLResponseSerialization.m */ = {isa = PBXFileReference; fileEncoding = 4; lastKnownFileType = sourcecode.c.objc; path = AFURLResponseSerialization.m; sourceTree = "<group>"; };
		1A372A2B187DD17000129211 /* AFURLSessionManager.h */ = {isa = PBXFileReference; fileEncoding = 4; lastKnownFileType = sourcecode.c.h; path = AFURLSessionManager.h; sourceTree = "<group>"; };
		1A372A2C187DD17000129211 /* AFURLSessionManager.m */ = {isa = PBXFileReference; fileEncoding = 4; lastKnownFileType = sourcecode.c.objc; path = AFURLSessionManager.m; sourceTree = "<group>"; };
		1A372A4918807C0000129211 /* NSArray+Extras.h */ = {isa = PBXFileReference; fileEncoding = 4; lastKnownFileType = sourcecode.c.h; path = "NSArray+Extras.h"; sourceTree = "<group>"; };
		1A372A4A18807C0000129211 /* NSArray+Extras.m */ = {isa = PBXFileReference; fileEncoding = 4; lastKnownFileType = sourcecode.c.objc; path = "NSArray+Extras.m"; sourceTree = "<group>"; };
		1A4545AF187CA8E000A33EF8 /* PFPetOptionList.h */ = {isa = PBXFileReference; fileEncoding = 4; lastKnownFileType = sourcecode.c.h; path = PFPetOptionList.h; sourceTree = "<group>"; };
		1A4545B0187CA8E000A33EF8 /* PFPetOptionList.m */ = {isa = PBXFileReference; fileEncoding = 4; lastKnownFileType = sourcecode.c.objc; path = PFPetOptionList.m; sourceTree = "<group>"; };
		1A4545B3187CABE400A33EF8 /* PFConstants.h */ = {isa = PBXFileReference; fileEncoding = 4; lastKnownFileType = sourcecode.c.h; path = PFConstants.h; sourceTree = "<group>"; };
		1A4545B4187CABE400A33EF8 /* PFConstants.m */ = {isa = PBXFileReference; fileEncoding = 4; lastKnownFileType = sourcecode.c.objc; path = PFConstants.m; sourceTree = "<group>"; };
		1A4545B7187D054000A33EF8 /* PFMacros.h */ = {isa = PBXFileReference; fileEncoding = 4; lastKnownFileType = sourcecode.c.h; path = PFMacros.h; sourceTree = "<group>"; };
		1A4545BB187D0B1B00A33EF8 /* NSObject+Extras.h */ = {isa = PBXFileReference; fileEncoding = 4; lastKnownFileType = sourcecode.c.h; path = "NSObject+Extras.h"; sourceTree = "<group>"; };
		1A4545BC187D0B1B00A33EF8 /* NSObject+Extras.m */ = {isa = PBXFileReference; fileEncoding = 4; lastKnownFileType = sourcecode.c.objc; path = "NSObject+Extras.m"; sourceTree = "<group>"; };
		1A75E4CF187C79C200961844 /* libPetFinderAPI.a */ = {isa = PBXFileReference; explicitFileType = archive.ar; includeInIndex = 0; path = libPetFinderAPI.a; sourceTree = BUILT_PRODUCTS_DIR; };
		1A75E4D2187C79C200961844 /* Foundation.framework */ = {isa = PBXFileReference; lastKnownFileType = wrapper.framework; name = Foundation.framework; path = System/Library/Frameworks/Foundation.framework; sourceTree = SDKROOT; };
		1A75E4D6187C79C200961844 /* PetFinderAPI-Prefix.pch */ = {isa = PBXFileReference; lastKnownFileType = sourcecode.c.h; path = "PetFinderAPI-Prefix.pch"; sourceTree = "<group>"; };
		1A75E4D7187C79C200961844 /* PetFinderAPI.h */ = {isa = PBXFileReference; lastKnownFileType = sourcecode.c.h; path = PetFinderAPI.h; sourceTree = "<group>"; };
		1A75E4DF187C79C200961844 /* PetFinderAPITests.xctest */ = {isa = PBXFileReference; explicitFileType = wrapper.cfbundle; includeInIndex = 0; path = PetFinderAPITests.xctest; sourceTree = BUILT_PRODUCTS_DIR; };
		1A75E4E0187C79C200961844 /* XCTest.framework */ = {isa = PBXFileReference; lastKnownFileType = wrapper.framework; name = XCTest.framework; path = Library/Frameworks/XCTest.framework; sourceTree = DEVELOPER_DIR; };
		1A75E4E3187C79C200961844 /* UIKit.framework */ = {isa = PBXFileReference; lastKnownFileType = wrapper.framework; name = UIKit.framework; path = Library/Frameworks/UIKit.framework; sourceTree = DEVELOPER_DIR; };
		1A75E4EA187C79C200961844 /* PetFinderAPITests-Info.plist */ = {isa = PBXFileReference; lastKnownFileType = text.plist.xml; path = "PetFinderAPITests-Info.plist"; sourceTree = "<group>"; };
		1A75E4EC187C79C200961844 /* en */ = {isa = PBXFileReference; lastKnownFileType = text.plist.strings; name = en; path = en.lproj/InfoPlist.strings; sourceTree = "<group>"; };
		1A75E4EE187C79C200961844 /* PetFinderAPITests.m */ = {isa = PBXFileReference; lastKnownFileType = sourcecode.c.objc; path = PetFinderAPITests.m; sourceTree = "<group>"; };
		1A75E50A187C7D8F00961844 /* NSDate+Extras.h */ = {isa = PBXFileReference; fileEncoding = 4; lastKnownFileType = sourcecode.c.h; path = "NSDate+Extras.h"; sourceTree = "<group>"; };
		1A75E50B187C7D8F00961844 /* NSDate+Extras.m */ = {isa = PBXFileReference; fileEncoding = 4; lastKnownFileType = sourcecode.c.objc; path = "NSDate+Extras.m"; sourceTree = "<group>"; };
		1A75E50C187C7D8F00961844 /* NSDictionary+Extras.h */ = {isa = PBXFileReference; fileEncoding = 4; lastKnownFileType = sourcecode.c.h; path = "NSDictionary+Extras.h"; sourceTree = "<group>"; };
		1A75E50D187C7D8F00961844 /* NSDictionary+Extras.m */ = {isa = PBXFileReference; fileEncoding = 4; lastKnownFileType = sourcecode.c.objc; path = "NSDictionary+Extras.m"; sourceTree = "<group>"; };
		1A75E50E187C7D8F00961844 /* NSString+Extras.h */ = {isa = PBXFileReference; fileEncoding = 4; lastKnownFileType = sourcecode.c.h; path = "NSString+Extras.h"; sourceTree = "<group>"; };
		1A75E50F187C7D8F00961844 /* NSString+Extras.m */ = {isa = PBXFileReference; fileEncoding = 4; lastKnownFileType = sourcecode.c.objc; path = "NSString+Extras.m"; sourceTree = "<group>"; };
		1A75E516187C7DAE00961844 /* PFError.h */ = {isa = PBXFileReference; fileEncoding = 4; lastKnownFileType = sourcecode.c.h; path = PFError.h; sourceTree = "<group>"; };
		1A75E517187C7DAE00961844 /* PFError.m */ = {isa = PBXFileReference; fileEncoding = 4; lastKnownFileType = sourcecode.c.objc; path = PFError.m; sourceTree = "<group>"; };
		1A75E51A187C7DC100961844 /* PFExceptions.h */ = {isa = PBXFileReference; fileEncoding = 4; lastKnownFileType = sourcecode.c.h; path = PFExceptions.h; sourceTree = "<group>"; };
		1A75E51B187C7DC100961844 /* PFExceptions.m */ = {isa = PBXFileReference; fileEncoding = 4; lastKnownFileType = sourcecode.c.objc; path = PFExceptions.m; sourceTree = "<group>"; };
		1A75E51E187C7DE900961844 /* PFClient.h */ = {isa = PBXFileReference; fileEncoding = 4; lastKnownFileType = sourcecode.c.h; path = PFClient.h; sourceTree = "<group>"; };
		1A75E51F187C7DE900961844 /* PFClient.m */ = {isa = PBXFileReference; fileEncoding = 4; lastKnownFileType = sourcecode.c.objc; path = PFClient.m; sourceTree = "<group>"; };
		1A75E522187C843200961844 /* PFBreedListRequest.h */ = {isa = PBXFileReference; fileEncoding = 4; lastKnownFileType = sourcecode.c.h; path = PFBreedListRequest.h; sourceTree = "<group>"; };
		1A75E523187C843200961844 /* PFBreedListRequest.m */ = {isa = PBXFileReference; fileEncoding = 4; lastKnownFileType = sourcecode.c.objc; path = PFBreedListRequest.m; sourceTree = "<group>"; };
		1A75E526187C846900961844 /* PFPetGetRequest.h */ = {isa = PBXFileReference; fileEncoding = 4; lastKnownFileType = sourcecode.c.h; path = PFPetGetRequest.h; sourceTree = "<group>"; };
		1A75E527187C846900961844 /* PFPetGetRequest.m */ = {isa = PBXFileReference; fileEncoding = 4; lastKnownFileType = sourcecode.c.objc; path = PFPetGetRequest.m; sourceTree = "<group>"; };
		1A75E52A187C848300961844 /* PFPetGetRandomRequest.h */ = {isa = PBXFileReference; fileEncoding = 4; lastKnownFileType = sourcecode.c.h; path = PFPetGetRandomRequest.h; sourceTree = "<group>"; };
		1A75E52B187C848300961844 /* PFPetGetRandomRequest.m */ = {isa = PBXFileReference; fileEncoding = 4; lastKnownFileType = sourcecode.c.objc; path = PFPetGetRandomRequest.m; sourceTree = "<group>"; };
		1A75E52E187C849A00961844 /* PFPetFindRequest.h */ = {isa = PBXFileReference; fileEncoding = 4; lastKnownFileType = sourcecode.c.h; path = PFPetFindRequest.h; sourceTree = "<group>"; };
		1A75E52F187C849A00961844 /* PFPetFindRequest.m */ = {isa = PBXFileReference; fileEncoding = 4; lastKnownFileType = sourcecode.c.objc; path = PFPetFindRequest.m; sourceTree = "<group>"; };
		1A75E532187C84B000961844 /* PFShelterFindRequest.h */ = {isa = PBXFileReference; fileEncoding = 4; lastKnownFileType = sourcecode.c.h; path = PFShelterFindRequest.h; sourceTree = "<group>"; };
		1A75E533187C84B000961844 /* PFShelterFindRequest.m */ = {isa = PBXFileReference; fileEncoding = 4; lastKnownFileType = sourcecode.c.objc; path = PFShelterFindRequest.m; sourceTree = "<group>"; };
		1A75E536187C84D200961844 /* PFShelterGetRequest.h */ = {isa = PBXFileReference; fileEncoding = 4; lastKnownFileType = sourcecode.c.h; path = PFShelterGetRequest.h; sourceTree = "<group>"; };
		1A75E537187C84D200961844 /* PFShelterGetRequest.m */ = {isa = PBXFileReference; fileEncoding = 4; lastKnownFileType = sourcecode.c.objc; path = PFShelterGetRequest.m; sourceTree = "<group>"; };
		1A75E53A187C84ED00961844 /* PFShelterGetPetsRequest.h */ = {isa = PBXFileReference; fileEncoding = 4; lastKnownFileType = sourcecode.c.h; path = PFShelterGetPetsRequest.h; sourceTree = "<group>"; };
		1A75E53B187C84ED00961844 /* PFShelterGetPetsRequest.m */ = {isa = PBXFileReference; fileEncoding = 4; lastKnownFileType = sourcecode.c.objc; path = PFShelterGetPetsRequest.m; sourceTree = "<group>"; };
		1A75E53E187C852500961844 /* PFShelterListByBreedRequest.h */ = {isa = PBXFileReference; fileEncoding = 4; lastKnownFileType = sourcecode.c.h; path = PFShelterListByBreedRequest.h; sourceTree = "<group>"; };
		1A75E53F187C852500961844 /* PFShelterListByBreedRequest.m */ = {isa = PBXFileReference; fileEncoding = 4; lastKnownFileType = sourcecode.c.objc; path = PFShelterListByBreedRequest.m; sourceTree = "<group>"; };
		1A75E542187C891200961844 /* PFBreedType.h */ = {isa = PBXFileReference; fileEncoding = 4; lastKnownFileType = sourcecode.c.h; path = PFBreedType.h; sourceTree = "<group>"; };
		1A75E543187C891200961844 /* PFBreedType.m */ = {isa = PBXFileReference; fileEncoding = 4; lastKnownFileType = sourcecode.c.objc; path = PFBreedType.m; sourceTree = "<group>"; };
		1A75E546187C893F00961844 /* PFPetIDType.h */ = {isa = PBXFileReference; fileEncoding = 4; lastKnownFileType = sourcecode.c.h; path = PFPetIDType.h; sourceTree = "<group>"; };
		1A75E547187C893F00961844 /* PFPetIDType.m */ = {isa = PBXFileReference; fileEncoding = 4; lastKnownFileType = sourcecode.c.objc; path = PFPetIDType.m; sourceTree = "<group>"; };
		1A75E54A187C895900961844 /* PFPetRecord.h */ = {isa = PBXFileReference; fileEncoding = 4; lastKnownFileType = sourcecode.c.h; path = PFPetRecord.h; sourceTree = "<group>"; };
		1A75E54B187C895900961844 /* PFPetRecord.m */ = {isa = PBXFileReference; fileEncoding = 4; lastKnownFileType = sourcecode.c.objc; path = PFPetRecord.m; sourceTree = "<group>"; };
		1A75E54E187C89B500961844 /* PFPetContactType.h */ = {isa = PBXFileReference; fileEncoding = 4; lastKnownFileType = sourcecode.c.h; path = PFPetContactType.h; sourceTree = "<group>"; };
		1A75E54F187C89B500961844 /* PFPetContactType.m */ = {isa = PBXFileReference; fileEncoding = 4; lastKnownFileType = sourcecode.c.objc; path = PFPetContactType.m; sourceTree = "<group>"; };
		1A75E552187C89CE00961844 /* PFShelterIDType.h */ = {isa = PBXFileReference; fileEncoding = 4; lastKnownFileType = sourcecode.c.h; path = PFShelterIDType.h; sourceTree = "<group>"; };
		1A75E553187C89CE00961844 /* PFShelterIDType.m */ = {isa = PBXFileReference; fileEncoding = 4; lastKnownFileType = sourcecode.c.objc; path = PFShelterIDType.m; sourceTree = "<group>"; };
		1A75E556187C89FA00961844 /* PFPetStatusType.h */ = {isa = PBXFileReference; fileEncoding = 4; lastKnownFileType = sourcecode.c.h; path = PFPetStatusType.h; sourceTree = "<group>"; };
		1A75E557187C89FA00961844 /* PFPetStatusType.m */ = {isa = PBXFileReference; fileEncoding = 4; lastKnownFileType = sourcecode.c.objc; path = PFPetStatusType.m; sourceTree = "<group>"; };
		1A75E55A187C8A1500961844 /* PFPetGenderType.h */ = {isa = PBXFileReference; fileEncoding = 4; lastKnownFileType = sourcecode.c.h; path = PFPetGenderType.h; sourceTree = "<group>"; };
		1A75E55B187C8A1500961844 /* PFPetGenderType.m */ = {isa = PBXFileReference; fileEncoding = 4; lastKnownFileType = sourcecode.c.objc; path = PFPetGenderType.m; sourceTree = "<group>"; };
		1A75E55E187C8A2B00961844 /* PFPetAgeType.h */ = {isa = PBXFileReference; fileEncoding = 4; lastKnownFileType = sourcecode.c.h; path = PFPetAgeType.h; sourceTree = "<group>"; };
		1A75E55F187C8A2B00961844 /* PFPetAgeType.m */ = {isa = PBXFileReference; fileEncoding = 4; lastKnownFileType = sourcecode.c.objc; path = PFPetAgeType.m; sourceTree = "<group>"; };
		1A75E562187C8A4500961844 /* PFPetSizeType.h */ = {isa = PBXFileReference; fileEncoding = 4; lastKnownFileType = sourcecode.c.h; path = PFPetSizeType.h; sourceTree = "<group>"; };
		1A75E563187C8A4500961844 /* PFPetSizeType.m */ = {isa = PBXFileReference; fileEncoding = 4; lastKnownFileType = sourcecode.c.objc; path = PFPetSizeType.m; sourceTree = "<group>"; };
		1A75E566187C8A5700961844 /* PFAnimalType.h */ = {isa = PBXFileReference; fileEncoding = 4; lastKnownFileType = sourcecode.c.h; path = PFAnimalType.h; sourceTree = "<group>"; };
		1A75E567187C8A5700961844 /* PFAnimalType.m */ = {isa = PBXFileReference; fileEncoding = 4; lastKnownFileType = sourcecode.c.objc; path = PFAnimalType.m; sourceTree = "<group>"; };
		1A75E56A187C8A7800961844 /* PFPetOptionType.h */ = {isa = PBXFileReference; fileEncoding = 4; lastKnownFileType = sourcecode.c.h; path = PFPetOptionType.h; sourceTree = "<group>"; };
		1A75E56B187C8A7800961844 /* PFPetOptionType.m */ = {isa = PBXFileReference; fileEncoding = 4; lastKnownFileType = sourcecode.c.objc; path = PFPetOptionType.m; sourceTree = "<group>"; };
		1A75E570187C8AEE00961844 /* PFShelterRecord.h */ = {isa = PBXFileReference; fileEncoding = 4; lastKnownFileType = sourcecode.c.h; path = PFShelterRecord.h; sourceTree = "<group>"; };
		1A75E571187C8AEE00961844 /* PFShelterRecord.m */ = {isa = PBXFileReference; fileEncoding = 4; lastKnownFileType = sourcecode.c.objc; path = PFShelterRecord.m; sourceTree = "<group>"; };
		1A75E574187C8B3C00961844 /* PFShelterRecordList.h */ = {isa = PBXFileReference; fileEncoding = 4; lastKnownFileType = sourcecode.c.h; path = PFShelterRecordList.h; sourceTree = "<group>"; };
		1A75E575187C8B3C00961844 /* PFShelterRecordList.m */ = {isa = PBXFileReference; fileEncoding = 4; lastKnownFileType = sourcecode.c.objc; path = PFShelterRecordList.m; sourceTree = "<group>"; };
		1A75E578187C8B6000961844 /* PFPetPhotoType.h */ = {isa = PBXFileReference; fileEncoding = 4; lastKnownFileType = sourcecode.c.h; path = PFPetPhotoType.h; sourceTree = "<group>"; };
		1A75E579187C8B6000961844 /* PFPetPhotoType.m */ = {isa = PBXFileReference; fileEncoding = 4; lastKnownFileType = sourcecode.c.objc; path = PFPetPhotoType.m; sourceTree = "<group>"; };
		1A75E57C187C8B7600961844 /* PFPetRecordList.h */ = {isa = PBXFileReference; fileEncoding = 4; lastKnownFileType = sourcecode.c.h; path = PFPetRecordList.h; sourceTree = "<group>"; };
		1A75E57D187C8B7600961844 /* PFPetRecordList.m */ = {isa = PBXFileReference; fileEncoding = 4; lastKnownFileType = sourcecode.c.objc; path = PFPetRecordList.m; sourceTree = "<group>"; };
		1A75E580187C8BF700961844 /* PFBreedList.h */ = {isa = PBXFileReference; fileEncoding = 4; lastKnownFileType = sourcecode.c.h; path = PFBreedList.h; sourceTree = "<group>"; };
		1A75E581187C8BF700961844 /* PFBreedList.m */ = {isa = PBXFileReference; fileEncoding = 4; lastKnownFileType = sourcecode.c.objc; path = PFBreedList.m; sourceTree = "<group>"; };
		1A75E584187C8C7800961844 /* PFPetIDList.h */ = {isa = PBXFileReference; fileEncoding = 4; lastKnownFileType = sourcecode.c.h; path = PFPetIDList.h; sourceTree = "<group>"; };
		1A75E585187C8C7800961844 /* PFPetIDList.m */ = {isa = PBXFileReference; fileEncoding = 4; lastKnownFileType = sourcecode.c.objc; path = PFPetIDList.m; sourceTree = "<group>"; };
		1A75E58B187C93B600961844 /* PFPetMediaType.h */ = {isa = PBXFileReference; fileEncoding = 4; lastKnownFileType = sourcecode.c.h; path = PFPetMediaType.h; sourceTree = "<group>"; };
		1A75E58C187C93B600961844 /* PFPetMediaType.m */ = {isa = PBXFileReference; fileEncoding = 4; lastKnownFileType = sourcecode.c.objc; path = PFPetMediaType.m; sourceTree = "<group>"; };
		1AC092201881B63700DDD8DB /* MapKit.framework */ = {isa = PBXFileReference; lastKnownFileType = wrapper.framework; name = MapKit.framework; path = System/Library/Frameworks/MapKit.framework; sourceTree = SDKROOT; };
/* End PBXFileReference section */

/* Begin PBXFrameworksBuildPhase section */
		1A75E4CC187C79C200961844 /* Frameworks */ = {
			isa = PBXFrameworksBuildPhase;
			buildActionMask = 2147483647;
			files = (
				1AC092211881B63700DDD8DB /* MapKit.framework in Frameworks */,
				1A75E4D3187C79C200961844 /* Foundation.framework in Frameworks */,
			);
			runOnlyForDeploymentPostprocessing = 0;
		};
		1A75E4DC187C79C200961844 /* Frameworks */ = {
			isa = PBXFrameworksBuildPhase;
			buildActionMask = 2147483647;
			files = (
				1A75E4E1187C79C200961844 /* XCTest.framework in Frameworks */,
				1A75E4E4187C79C200961844 /* UIKit.framework in Frameworks */,
				1A75E4E7187C79C200961844 /* libPetFinderAPI.a in Frameworks */,
				1A75E4E2187C79C200961844 /* Foundation.framework in Frameworks */,
			);
			runOnlyForDeploymentPostprocessing = 0;
		};
/* End PBXFrameworksBuildPhase section */

/* Begin PBXGroup section */
		1A372916187DB1B900129211 /* Pet Media */ = {
			isa = PBXGroup;
			children = (
				1A75E578187C8B6000961844 /* PFPetPhotoType.h */,
				1A75E579187C8B6000961844 /* PFPetPhotoType.m */,
				1A75E58B187C93B600961844 /* PFPetMediaType.h */,
				1A75E58C187C93B600961844 /* PFPetMediaType.m */,
				1A372917187DB30B00129211 /* PFPetVideoType.h */,
				1A372918187DB30B00129211 /* PFPetVideoType.m */,
			);
			name = "Pet Media";
			sourceTree = "<group>";
		};
		1A372A18187DD17000129211 /* Vendor */ = {
			isa = PBXGroup;
			children = (
				1A372A19187DD17000129211 /* AFNetworking */,
			);
			path = Vendor;
			sourceTree = "<group>";
		};
		1A372A19187DD17000129211 /* AFNetworking */ = {
			isa = PBXGroup;
			children = (
				1A372A1A187DD17000129211 /* AFHTTPRequestOperation.h */,
				1A372A1B187DD17000129211 /* AFHTTPRequestOperation.m */,
				1A372A1C187DD17000129211 /* AFHTTPRequestOperationManager.h */,
				1A372A1D187DD17000129211 /* AFHTTPRequestOperationManager.m */,
				1A372A1E187DD17000129211 /* AFHTTPSessionManager.h */,
				1A372A1F187DD17000129211 /* AFHTTPSessionManager.m */,
				1A372A20187DD17000129211 /* AFNetworking.h */,
				1A372A21187DD17000129211 /* AFNetworkReachabilityManager.h */,
				1A372A22187DD17000129211 /* AFNetworkReachabilityManager.m */,
				1A372A23187DD17000129211 /* AFSecurityPolicy.h */,
				1A372A24187DD17000129211 /* AFSecurityPolicy.m */,
				1A372A25187DD17000129211 /* AFURLConnectionOperation.h */,
				1A372A26187DD17000129211 /* AFURLConnectionOperation.m */,
				1A372A27187DD17000129211 /* AFURLRequestSerialization.h */,
				1A372A28187DD17000129211 /* AFURLRequestSerialization.m */,
				1A372A29187DD17000129211 /* AFURLResponseSerialization.h */,
				1A372A2A187DD17000129211 /* AFURLResponseSerialization.m */,
				1A372A2B187DD17000129211 /* AFURLSessionManager.h */,
				1A372A2C187DD17000129211 /* AFURLSessionManager.m */,
			);
			path = AFNetworking;
			sourceTree = "<group>";
		};
		1A4545BF187D11C200A33EF8 /* Pet Options */ = {
			isa = PBXGroup;
			children = (
				1A75E56A187C8A7800961844 /* PFPetOptionType.h */,
				1A75E56B187C8A7800961844 /* PFPetOptionType.m */,
				1A4545AF187CA8E000A33EF8 /* PFPetOptionList.h */,
				1A4545B0187CA8E000A33EF8 /* PFPetOptionList.m */,
			);
			name = "Pet Options";
			sourceTree = "<group>";
		};
		1A75E4C6187C79C200961844 = {
			isa = PBXGroup;
			children = (
				1A372A18187DD17000129211 /* Vendor */,
				1A75E4D4187C79C200961844 /* PetFinderAPI */,
				1A75E4E8187C79C200961844 /* PetFinderAPITests */,
				1A75E4D1187C79C200961844 /* Frameworks */,
				1A75E4D0187C79C200961844 /* Products */,
			);
			sourceTree = "<group>";
		};
		1A75E4D0187C79C200961844 /* Products */ = {
			isa = PBXGroup;
			children = (
				1A75E4CF187C79C200961844 /* libPetFinderAPI.a */,
				1A75E4DF187C79C200961844 /* PetFinderAPITests.xctest */,
			);
			name = Products;
			sourceTree = "<group>";
		};
		1A75E4D1187C79C200961844 /* Frameworks */ = {
			isa = PBXGroup;
			children = (
				1AC092201881B63700DDD8DB /* MapKit.framework */,
				1A75E4D2187C79C200961844 /* Foundation.framework */,
				1A75E4E0187C79C200961844 /* XCTest.framework */,
				1A75E4E3187C79C200961844 /* UIKit.framework */,
			);
			name = Frameworks;
			sourceTree = "<group>";
		};
		1A75E4D4187C79C200961844 /* PetFinderAPI */ = {
			isa = PBXGroup;
			children = (
				1A75E502187C7C8800961844 /* Private */,
				1A75E503187C7C8800961844 /* Public */,
				1A75E4D7187C79C200961844 /* PetFinderAPI.h */,
				1A75E4D5187C79C200961844 /* Supporting Files */,
			);
			path = PetFinderAPI;
			sourceTree = "<group>";
		};
		1A75E4D5187C79C200961844 /* Supporting Files */ = {
			isa = PBXGroup;
			children = (
				1A75E4D6187C79C200961844 /* PetFinderAPI-Prefix.pch */,
			);
			name = "Supporting Files";
			sourceTree = "<group>";
		};
		1A75E4E8187C79C200961844 /* PetFinderAPITests */ = {
			isa = PBXGroup;
			children = (
				1A75E4EE187C79C200961844 /* PetFinderAPITests.m */,
				1A75E4E9187C79C200961844 /* Supporting Files */,
			);
			path = PetFinderAPITests;
			sourceTree = "<group>";
		};
		1A75E4E9187C79C200961844 /* Supporting Files */ = {
			isa = PBXGroup;
			children = (
				1A75E4EA187C79C200961844 /* PetFinderAPITests-Info.plist */,
				1A75E4EB187C79C200961844 /* InfoPlist.strings */,
			);
			name = "Supporting Files";
			sourceTree = "<group>";
		};
		1A75E502187C7C8800961844 /* Private */ = {
			isa = PBXGroup;
			children = (
				1A4545B7187D054000A33EF8 /* PFMacros.h */,
			);
			path = Private;
			sourceTree = "<group>";
		};
		1A75E503187C7C8800961844 /* Public */ = {
			isa = PBXGroup;
			children = (
				1A75E504187C7C8800961844 /* Categories */,
				1A75E505187C7C8800961844 /* Errors */,
				1A75E506187C7C8800961844 /* Exceptions */,
				1A75E507187C7C8800961844 /* Models */,
				1A75E508187C7C8800961844 /* Network */,
				1A75E509187C7C8800961844 /* Service */,
				1A4545B3187CABE400A33EF8 /* PFConstants.h */,
				1A4545B4187CABE400A33EF8 /* PFConstants.m */,
			);
			path = Public;
			sourceTree = "<group>";
		};
		1A75E504187C7C8800961844 /* Categories */ = {
			isa = PBXGroup;
			children = (
				1A75E50A187C7D8F00961844 /* NSDate+Extras.h */,
				1A75E50B187C7D8F00961844 /* NSDate+Extras.m */,
				1A75E50C187C7D8F00961844 /* NSDictionary+Extras.h */,
				1A75E50D187C7D8F00961844 /* NSDictionary+Extras.m */,
				1A75E50E187C7D8F00961844 /* NSString+Extras.h */,
				1A75E50F187C7D8F00961844 /* NSString+Extras.m */,
				1A4545BB187D0B1B00A33EF8 /* NSObject+Extras.h */,
				1A4545BC187D0B1B00A33EF8 /* NSObject+Extras.m */,
				1A372A4918807C0000129211 /* NSArray+Extras.h */,
				1A372A4A18807C0000129211 /* NSArray+Extras.m */,
			);
			path = Categories;
			sourceTree = "<group>";
		};
		1A75E505187C7C8800961844 /* Errors */ = {
			isa = PBXGroup;
			children = (
				1A75E516187C7DAE00961844 /* PFError.h */,
				1A75E517187C7DAE00961844 /* PFError.m */,
			);
			path = Errors;
			sourceTree = "<group>";
		};
		1A75E506187C7C8800961844 /* Exceptions */ = {
			isa = PBXGroup;
			children = (
				1A75E51A187C7DC100961844 /* PFExceptions.h */,
				1A75E51B187C7DC100961844 /* PFExceptions.m */,
			);
			path = Exceptions;
			sourceTree = "<group>";
		};
		1A75E507187C7C8800961844 /* Models */ = {
			isa = PBXGroup;
			children = (
				1A75E56F187C8AC400961844 /* Pet */,
				1A75E56E187C8AB800961844 /* Shelter */,
			);
			path = Models;
			sourceTree = "<group>";
		};
		1A75E508187C7C8800961844 /* Network */ = {
			isa = PBXGroup;
			children = (
			);
			path = Network;
			sourceTree = "<group>";
		};
		1A75E509187C7C8800961844 /* Service */ = {
			isa = PBXGroup;
			children = (
				1A75E51E187C7DE900961844 /* PFClient.h */,
				1A75E51F187C7DE900961844 /* PFClient.m */,
				1A75E522187C843200961844 /* PFBreedListRequest.h */,
				1A75E523187C843200961844 /* PFBreedListRequest.m */,
				1A75E526187C846900961844 /* PFPetGetRequest.h */,
				1A75E527187C846900961844 /* PFPetGetRequest.m */,
				1A75E52A187C848300961844 /* PFPetGetRandomRequest.h */,
				1A75E52B187C848300961844 /* PFPetGetRandomRequest.m */,
				1A75E52E187C849A00961844 /* PFPetFindRequest.h */,
				1A75E52F187C849A00961844 /* PFPetFindRequest.m */,
				1A75E532187C84B000961844 /* PFShelterFindRequest.h */,
				1A75E533187C84B000961844 /* PFShelterFindRequest.m */,
				1A75E536187C84D200961844 /* PFShelterGetRequest.h */,
				1A75E537187C84D200961844 /* PFShelterGetRequest.m */,
				1A75E53A187C84ED00961844 /* PFShelterGetPetsRequest.h */,
				1A75E53B187C84ED00961844 /* PFShelterGetPetsRequest.m */,
				1A75E53E187C852500961844 /* PFShelterListByBreedRequest.h */,
				1A75E53F187C852500961844 /* PFShelterListByBreedRequest.m */,
				1A37291B187DCB0F00129211 /* PFBaseRequest.h */,
				1A37291C187DCB0F00129211 /* PFBaseRequest.m */,
			);
			path = Service;
			sourceTree = "<group>";
		};
		1A75E56E187C8AB800961844 /* Shelter */ = {
			isa = PBXGroup;
			children = (
				1A75E552187C89CE00961844 /* PFShelterIDType.h */,
				1A75E553187C89CE00961844 /* PFShelterIDType.m */,
				1A75E570187C8AEE00961844 /* PFShelterRecord.h */,
				1A75E571187C8AEE00961844 /* PFShelterRecord.m */,
				1A75E574187C8B3C00961844 /* PFShelterRecordList.h */,
				1A75E575187C8B3C00961844 /* PFShelterRecordList.m */,
			);
			name = Shelter;
			sourceTree = "<group>";
		};
		1A75E56F187C8AC400961844 /* Pet */ = {
			isa = PBXGroup;
			children = (
				1A75E588187C8C7F00961844 /* Breed */,
				1A75E589187C8C8700961844 /* Pet ID */,
				1A75E58A187C8C9200961844 /* Pet Record */,
				1A4545BF187D11C200A33EF8 /* Pet Options */,
				1A372916187DB1B900129211 /* Pet Media */,
				1A75E54E187C89B500961844 /* PFPetContactType.h */,
				1A75E54F187C89B500961844 /* PFPetContactType.m */,
				1A75E556187C89FA00961844 /* PFPetStatusType.h */,
				1A75E557187C89FA00961844 /* PFPetStatusType.m */,
				1A75E55A187C8A1500961844 /* PFPetGenderType.h */,
				1A75E55B187C8A1500961844 /* PFPetGenderType.m */,
				1A75E55E187C8A2B00961844 /* PFPetAgeType.h */,
				1A75E55F187C8A2B00961844 /* PFPetAgeType.m */,
				1A75E562187C8A4500961844 /* PFPetSizeType.h */,
				1A75E563187C8A4500961844 /* PFPetSizeType.m */,
				1A75E566187C8A5700961844 /* PFAnimalType.h */,
				1A75E567187C8A5700961844 /* PFAnimalType.m */,
			);
			name = Pet;
			sourceTree = "<group>";
		};
		1A75E588187C8C7F00961844 /* Breed */ = {
			isa = PBXGroup;
			children = (
				1A75E542187C891200961844 /* PFBreedType.h */,
				1A75E543187C891200961844 /* PFBreedType.m */,
				1A75E580187C8BF700961844 /* PFBreedList.h */,
				1A75E581187C8BF700961844 /* PFBreedList.m */,
			);
			name = Breed;
			sourceTree = "<group>";
		};
		1A75E589187C8C8700961844 /* Pet ID */ = {
			isa = PBXGroup;
			children = (
				1A75E546187C893F00961844 /* PFPetIDType.h */,
				1A75E547187C893F00961844 /* PFPetIDType.m */,
				1A75E584187C8C7800961844 /* PFPetIDList.h */,
				1A75E585187C8C7800961844 /* PFPetIDList.m */,
			);
			name = "Pet ID";
			sourceTree = "<group>";
		};
		1A75E58A187C8C9200961844 /* Pet Record */ = {
			isa = PBXGroup;
			children = (
				1A75E54A187C895900961844 /* PFPetRecord.h */,
				1A75E54B187C895900961844 /* PFPetRecord.m */,
				1A75E57C187C8B7600961844 /* PFPetRecordList.h */,
				1A75E57D187C8B7600961844 /* PFPetRecordList.m */,
			);
			name = "Pet Record";
			sourceTree = "<group>";
		};
/* End PBXGroup section */

/* Begin PBXHeadersBuildPhase section */
		1A75E4F8187C79F800961844 /* Headers */ = {
			isa = PBXHeadersBuildPhase;
			buildActionMask = 2147483647;
			files = (
				1A75E512187C7D8F00961844 /* NSDictionary+Extras.h in Headers */,
				1A75E514187C7D8F00961844 /* NSString+Extras.h in Headers */,
				1A75E52C187C848300961844 /* PFPetGetRandomRequest.h in Headers */,
				1A75E558187C89FA00961844 /* PFPetStatusType.h in Headers */,
				1A75E554187C89CE00961844 /* PFShelterIDType.h in Headers */,
				1A75E57E187C8B7600961844 /* PFPetRecordList.h in Headers */,
				1A372A33187DD17000129211 /* AFNetworking.h in Headers */,
				1A75E528187C846900961844 /* PFPetGetRequest.h in Headers */,
				1A372A2D187DD17000129211 /* AFHTTPRequestOperation.h in Headers */,
				1A372A3C187DD17000129211 /* AFURLResponseSerialization.h in Headers */,
				1A75E530187C849A00961844 /* PFPetFindRequest.h in Headers */,
				1A75E56C187C8A7800961844 /* PFPetOptionType.h in Headers */,
				1A75E586187C8C7800961844 /* PFPetIDList.h in Headers */,
				1A75E572187C8AEE00961844 /* PFShelterRecord.h in Headers */,
				1A75E576187C8B3C00961844 /* PFShelterRecordList.h in Headers */,
				1A75E560187C8A2B00961844 /* PFPetAgeType.h in Headers */,
				1A372A2F187DD17000129211 /* AFHTTPRequestOperationManager.h in Headers */,
				1A75E540187C852500961844 /* PFShelterListByBreedRequest.h in Headers */,
				1A75E538187C84D200961844 /* PFShelterGetRequest.h in Headers */,
				1A75E54C187C895900961844 /* PFPetRecord.h in Headers */,
				1A75E57A187C8B6000961844 /* PFPetPhotoType.h in Headers */,
				1A75E524187C843200961844 /* PFBreedListRequest.h in Headers */,
				1A372A34187DD17000129211 /* AFNetworkReachabilityManager.h in Headers */,
				1A75E564187C8A4500961844 /* PFPetSizeType.h in Headers */,
				1A75E568187C8A5700961844 /* PFAnimalType.h in Headers */,
				1A75E548187C893F00961844 /* PFPetIDType.h in Headers */,
				1A4545B9187D054000A33EF8 /* PFMacros.h in Headers */,
				1A75E55C187C8A1500961844 /* PFPetGenderType.h in Headers */,
				1A372A3E187DD17000129211 /* AFURLSessionManager.h in Headers */,
				1A75E544187C891200961844 /* PFBreedType.h in Headers */,
				1A75E550187C89B500961844 /* PFPetContactType.h in Headers */,
				1A75E534187C84B000961844 /* PFShelterFindRequest.h in Headers */,
				1A75E582187C8BF700961844 /* PFBreedList.h in Headers */,
				1A75E53C187C84ED00961844 /* PFShelterGetPetsRequest.h in Headers */,
				1A75E51C187C7DC100961844 /* PFExceptions.h in Headers */,
				1A4545B5187CABE400A33EF8 /* PFConstants.h in Headers */,
				1A372A4B18807C0000129211 /* NSArray+Extras.h in Headers */,
				1A372A31187DD17000129211 /* AFHTTPSessionManager.h in Headers */,
				1A4545B1187CA8E000A33EF8 /* PFPetOptionList.h in Headers */,
				1A372A36187DD17000129211 /* AFSecurityPolicy.h in Headers */,
				1A75E58D187C93B600961844 /* PFPetMediaType.h in Headers */,
				1A75E520187C7DE900961844 /* PFClient.h in Headers */,
				1A75E518187C7DAE00961844 /* PFError.h in Headers */,
				1A372A3A187DD17000129211 /* AFURLRequestSerialization.h in Headers */,
				1A372919187DB30B00129211 /* PFPetVideoType.h in Headers */,
				1A4545BD187D0B1B00A33EF8 /* NSObject+Extras.h in Headers */,
				1A37291D187DCB0F00129211 /* PFBaseRequest.h in Headers */,
				1A372A38187DD17000129211 /* AFURLConnectionOperation.h in Headers */,
				1A75E510187C7D8F00961844 /* NSDate+Extras.h in Headers */,
				1A75E4F9187C7A0200961844 /* PetFinderAPI.h in Headers */,
			);
			runOnlyForDeploymentPostprocessing = 0;
		};
/* End PBXHeadersBuildPhase section */

/* Begin PBXNativeTarget section */
		1A75E4CE187C79C200961844 /* PetFinderAPI */ = {
			isa = PBXNativeTarget;
			buildConfigurationList = 1A75E4F2187C79C200961844 /* Build configuration list for PBXNativeTarget "PetFinderAPI" */;
			buildPhases = (
				1A75E4CB187C79C200961844 /* Sources */,
				1A75E4CC187C79C200961844 /* Frameworks */,
				1A75E4CD187C79C200961844 /* CopyFiles */,
				1A75E4F8187C79F800961844 /* Headers */,
				1A75E4FA187C7A7B00961844 /* Prepare Framework */,
			);
			buildRules = (
			);
			dependencies = (
			);
			name = PetFinderAPI;
			productName = PetFinderAPI;
			productReference = 1A75E4CF187C79C200961844 /* libPetFinderAPI.a */;
			productType = "com.apple.product-type.library.static";
		};
		1A75E4DE187C79C200961844 /* PetFinderAPITests */ = {
			isa = PBXNativeTarget;
			buildConfigurationList = 1A75E4F5187C79C200961844 /* Build configuration list for PBXNativeTarget "PetFinderAPITests" */;
			buildPhases = (
				1A75E4DB187C79C200961844 /* Sources */,
				1A75E4DC187C79C200961844 /* Frameworks */,
				1A75E4DD187C79C200961844 /* Resources */,
			);
			buildRules = (
			);
			dependencies = (
				1A75E4E6187C79C200961844 /* PBXTargetDependency */,
			);
			name = PetFinderAPITests;
			productName = PetFinderAPITests;
			productReference = 1A75E4DF187C79C200961844 /* PetFinderAPITests.xctest */;
			productType = "com.apple.product-type.bundle.unit-test";
		};
/* End PBXNativeTarget section */

/* Begin PBXProject section */
		1A75E4C7187C79C200961844 /* Project object */ = {
			isa = PBXProject;
			attributes = {
				LastUpgradeCheck = 0510;
				ORGANIZATIONNAME = "Jeremy Fox";
			};
			buildConfigurationList = 1A75E4CA187C79C200961844 /* Build configuration list for PBXProject "PetFinderAPI" */;
			compatibilityVersion = "Xcode 3.2";
			developmentRegion = English;
			hasScannedForEncodings = 0;
			knownRegions = (
				en,
			);
			mainGroup = 1A75E4C6187C79C200961844;
			productRefGroup = 1A75E4D0187C79C200961844 /* Products */;
			projectDirPath = "";
			projectRoot = "";
			targets = (
				1A75E4CE187C79C200961844 /* PetFinderAPI */,
				1A75E4DE187C79C200961844 /* PetFinderAPITests */,
				1A75E4FB187C7AD800961844 /* Framework */,
			);
		};
/* End PBXProject section */

/* Begin PBXResourcesBuildPhase section */
		1A75E4DD187C79C200961844 /* Resources */ = {
			isa = PBXResourcesBuildPhase;
			buildActionMask = 2147483647;
			files = (
				1A75E4ED187C79C200961844 /* InfoPlist.strings in Resources */,
			);
			runOnlyForDeploymentPostprocessing = 0;
		};
/* End PBXResourcesBuildPhase section */

/* Begin PBXShellScriptBuildPhase section */
		1A75E4FA187C7A7B00961844 /* Prepare Framework */ = {
			isa = PBXShellScriptBuildPhase;
			buildActionMask = 2147483647;
			files = (
			);
			inputPaths = (
			);
			name = "Prepare Framework";
			outputPaths = (
			);
			runOnlyForDeploymentPostprocessing = 0;
			shellPath = /bin/sh;
			shellScript = "set -e\n\nmkdir -p \"${BUILT_PRODUCTS_DIR}/${PRODUCT_NAME}.framework/Versions/A/Headers\"\n\n# Link the \"Current\" version to \"A\"\n/bin/ln -sfh A \"${BUILT_PRODUCTS_DIR}/${PRODUCT_NAME}.framework/Versions/Current\"\n/bin/ln -sfh Versions/Current/Headers \"${BUILT_PRODUCTS_DIR}/${PRODUCT_NAME}.framework/Headers\"\n/bin/ln -sfh \"Versions/Current/${PRODUCT_NAME}\" \"${BUILT_PRODUCTS_DIR}/${PRODUCT_NAME}.framework/${PRODUCT_NAME}\"\n\n# The -a ensures that the headers maintain the source modification date so that we don't constantly\n# cause propagating rebuilds of files that import these headers.\n/bin/cp -a \"${TARGET_BUILD_DIR}/${PUBLIC_HEADERS_FOLDER_PATH}/\" \"${BUILT_PRODUCTS_DIR}/${PRODUCT_NAME}.framework/Versions/A/Headers\"\n";
		};
		1A75E501187C7B0C00961844 /* ShellScript */ = {
			isa = PBXShellScriptBuildPhase;
			buildActionMask = 2147483647;
			files = (
			);
			inputPaths = (
			);
			outputPaths = (
			);
			runOnlyForDeploymentPostprocessing = 0;
			shellPath = /bin/sh;
			shellScript = "set -e\nset +u\n# Avoid recursively calling this script.\nif [[ $SF_MASTER_SCRIPT_RUNNING ]]\nthen\nexit 0\nfi\nset -u\nexport SF_MASTER_SCRIPT_RUNNING=1\n\nSF_TARGET_NAME=${PROJECT_NAME}\nSF_EXECUTABLE_PATH=\"lib${SF_TARGET_NAME}.a\"\nSF_WRAPPER_NAME=\"${SF_TARGET_NAME}.framework\"\n\n# The following conditionals come from\n# https://github.com/kstenerud/iOS-Universal-Framework\n\nif [[ \"$SDK_NAME\" =~ ([A-Za-z]+) ]]\nthen\nSF_SDK_PLATFORM=${BASH_REMATCH[1]}\nelse\necho \"Could not find platform name from SDK_NAME: $SDK_NAME\"\nexit 1\nfi\n\nif [[ \"$SDK_NAME\" =~ ([0-9]+.*$) ]]\nthen\nSF_SDK_VERSION=${BASH_REMATCH[1]}\nelse\necho \"Could not find sdk version from SDK_NAME: $SDK_NAME\"\nexit 1\nfi\n\nif [[ \"$SF_SDK_PLATFORM\" = \"iphoneos\" ]]\nthen\nSF_OTHER_PLATFORM=iphonesimulator\nelse\nSF_OTHER_PLATFORM=iphoneos\nfi\n\nif [[ \"$BUILT_PRODUCTS_DIR\" =~ (.*)$SF_SDK_PLATFORM$ ]]\nthen\nSF_OTHER_BUILT_PRODUCTS_DIR=\"${BASH_REMATCH[1]}${SF_OTHER_PLATFORM}\"\nelse\necho \"Could not find platform name from build products directory: $BUILT_PRODUCTS_DIR\"\nexit 1\nfi\n\n# Build the other platform.\nxcodebuild -project \"${PROJECT_FILE_PATH}\" -target \"${TARGET_NAME}\" -configuration \"${CONFIGURATION}\" -sdk ${SF_OTHER_PLATFORM}${SF_SDK_VERSION} BUILD_DIR=\"${BUILD_DIR}\" OBJROOT=\"${OBJROOT}\" BUILD_ROOT=\"${BUILD_ROOT}\" SYMROOT=\"${SYMROOT}\" $ACTION\n\n# Smash the two static libraries into one fat binary and store it in the .framework\nlipo -create \"${BUILT_PRODUCTS_DIR}/${SF_EXECUTABLE_PATH}\" \"${SF_OTHER_BUILT_PRODUCTS_DIR}/${SF_EXECUTABLE_PATH}\" -output \"${BUILT_PRODUCTS_DIR}/${SF_WRAPPER_NAME}/Versions/A/${SF_TARGET_NAME}\"\n\n# Copy the binary to the other architecture folder to have a complete framework in both.\ncp -a \"${BUILT_PRODUCTS_DIR}/${SF_WRAPPER_NAME}/Versions/A/${SF_TARGET_NAME}\" \"${SF_OTHER_BUILT_PRODUCTS_DIR}/${SF_WRAPPER_NAME}/Versions/A/${SF_TARGET_NAME}\"";
		};
/* End PBXShellScriptBuildPhase section */

/* Begin PBXSourcesBuildPhase section */
		1A75E4CB187C79C200961844 /* Sources */ = {
			isa = PBXSourcesBuildPhase;
			buildActionMask = 2147483647;
			files = (
				1A75E577187C8B3C00961844 /* PFShelterRecordList.m in Sources */,
				1A75E521187C7DE900961844 /* PFClient.m in Sources */,
				1A372A2E187DD17000129211 /* AFHTTPRequestOperation.m in Sources */,
				1A75E57B187C8B6000961844 /* PFPetPhotoType.m in Sources */,
				1A75E587187C8C7800961844 /* PFPetIDList.m in Sources */,
				1A75E519187C7DAE00961844 /* PFError.m in Sources */,
				1A75E551187C89B500961844 /* PFPetContactType.m in Sources */,
				1A372A3B187DD17000129211 /* AFURLRequestSerialization.m in Sources */,
				1A372A32187DD17000129211 /* AFHTTPSessionManager.m in Sources */,
				1A75E561187C8A2B00961844 /* PFPetAgeType.m in Sources */,
				1A75E52D187C848300961844 /* PFPetGetRandomRequest.m in Sources */,
				1A372A39187DD17000129211 /* AFURLConnectionOperation.m in Sources */,
				1A75E51D187C7DC100961844 /* PFExceptions.m in Sources */,
				1A75E531187C849A00961844 /* PFPetFindRequest.m in Sources */,
				1A75E55D187C8A1500961844 /* PFPetGenderType.m in Sources */,
				1A75E511187C7D8F00961844 /* NSDate+Extras.m in Sources */,
				1A75E58E187C93B600961844 /* PFPetMediaType.m in Sources */,
				1A75E56D187C8A7800961844 /* PFPetOptionType.m in Sources */,
				1A75E549187C893F00961844 /* PFPetIDType.m in Sources */,
				1A372A3D187DD17000129211 /* AFURLResponseSerialization.m in Sources */,
				1A75E555187C89CE00961844 /* PFShelterIDType.m in Sources */,
				1A75E57F187C8B7600961844 /* PFPetRecordList.m in Sources */,
				1A4545BE187D0B1B00A33EF8 /* NSObject+Extras.m in Sources */,
				1A372A4C18807C0000129211 /* NSArray+Extras.m in Sources */,
				1A75E569187C8A5700961844 /* PFAnimalType.m in Sources */,
				1A372A30187DD17000129211 /* AFHTTPRequestOperationManager.m in Sources */,
				1A37291A187DB30B00129211 /* PFPetVideoType.m in Sources */,
				1A75E583187C8BF700961844 /* PFBreedList.m in Sources */,
				1A75E54D187C895900961844 /* PFPetRecord.m in Sources */,
				1A75E539187C84D200961844 /* PFShelterGetRequest.m in Sources */,
				1A75E565187C8A4500961844 /* PFPetSizeType.m in Sources */,
				1A75E545187C891200961844 /* PFBreedType.m in Sources */,
				1A372A37187DD17000129211 /* AFSecurityPolicy.m in Sources */,
				1A75E535187C84B000961844 /* PFShelterFindRequest.m in Sources */,
				1A75E529187C846900961844 /* PFPetGetRequest.m in Sources */,
				1A75E541187C852500961844 /* PFShelterListByBreedRequest.m in Sources */,
				1A75E525187C843200961844 /* PFBreedListRequest.m in Sources */,
				1A75E53D187C84ED00961844 /* PFShelterGetPetsRequest.m in Sources */,
				1A372A35187DD17000129211 /* AFNetworkReachabilityManager.m in Sources */,
				1A75E559187C89FA00961844 /* PFPetStatusType.m in Sources */,
				1A75E513187C7D8F00961844 /* NSDictionary+Extras.m in Sources */,
				1A75E573187C8AEE00961844 /* PFShelterRecord.m in Sources */,
				1A75E515187C7D8F00961844 /* NSString+Extras.m in Sources */,
				1A37291E187DCB0F00129211 /* PFBaseRequest.m in Sources */,
				1A4545B2187CA8E000A33EF8 /* PFPetOptionList.m in Sources */,
				1A4545B6187CABE400A33EF8 /* PFConstants.m in Sources */,
				1A372A3F187DD17000129211 /* AFURLSessionManager.m in Sources */,
			);
			runOnlyForDeploymentPostprocessing = 0;
		};
		1A75E4DB187C79C200961844 /* Sources */ = {
			isa = PBXSourcesBuildPhase;
			buildActionMask = 2147483647;
			files = (
				1A75E4EF187C79C200961844 /* PetFinderAPITests.m in Sources */,
			);
			runOnlyForDeploymentPostprocessing = 0;
		};
/* End PBXSourcesBuildPhase section */

/* Begin PBXTargetDependency section */
		1A75E4E6187C79C200961844 /* PBXTargetDependency */ = {
			isa = PBXTargetDependency;
			target = 1A75E4CE187C79C200961844 /* PetFinderAPI */;
			targetProxy = 1A75E4E5187C79C200961844 /* PBXContainerItemProxy */;
		};
		1A75E500187C7AE100961844 /* PBXTargetDependency */ = {
			isa = PBXTargetDependency;
			target = 1A75E4CE187C79C200961844 /* PetFinderAPI */;
			targetProxy = 1A75E4FF187C7AE100961844 /* PBXContainerItemProxy */;
		};
/* End PBXTargetDependency section */

/* Begin PBXVariantGroup section */
		1A75E4EB187C79C200961844 /* InfoPlist.strings */ = {
			isa = PBXVariantGroup;
			children = (
				1A75E4EC187C79C200961844 /* en */,
			);
			name = InfoPlist.strings;
			sourceTree = "<group>";
		};
/* End PBXVariantGroup section */

/* Begin XCBuildConfiguration section */
		1A75E4F0187C79C200961844 /* Debug */ = {
			isa = XCBuildConfiguration;
			buildSettings = {
				ALWAYS_SEARCH_USER_PATHS = NO;
				CLANG_CXX_LANGUAGE_STANDARD = "gnu++0x";
				CLANG_CXX_LIBRARY = "libc++";
				CLANG_ENABLE_MODULES = YES;
				CLANG_ENABLE_OBJC_ARC = YES;
				CLANG_WARN_BOOL_CONVERSION = YES;
				CLANG_WARN_CONSTANT_CONVERSION = YES;
				CLANG_WARN_DIRECT_OBJC_ISA_USAGE = YES_ERROR;
				CLANG_WARN_EMPTY_BODY = YES;
				CLANG_WARN_ENUM_CONVERSION = YES;
				CLANG_WARN_INT_CONVERSION = YES;
				CLANG_WARN_OBJC_ROOT_CLASS = YES_ERROR;
				CLANG_WARN__DUPLICATE_METHOD_MATCH = YES;
				COPY_PHASE_STRIP = NO;
				GCC_C_LANGUAGE_STANDARD = gnu99;
				GCC_DYNAMIC_NO_PIC = NO;
				GCC_OPTIMIZATION_LEVEL = 0;
				GCC_PREPROCESSOR_DEFINITIONS = (
					"DEBUG=1",
					"$(inherited)",
				);
				GCC_SYMBOLS_PRIVATE_EXTERN = NO;
				GCC_WARN_64_TO_32_BIT_CONVERSION = YES;
				GCC_WARN_ABOUT_RETURN_TYPE = YES_ERROR;
				GCC_WARN_UNDECLARED_SELECTOR = YES;
				GCC_WARN_UNINITIALIZED_AUTOS = YES;
				GCC_WARN_UNUSED_FUNCTION = YES;
				GCC_WARN_UNUSED_VARIABLE = YES;
				IPHONEOS_DEPLOYMENT_TARGET = 7.0;
				ONLY_ACTIVE_ARCH = YES;
				SDKROOT = iphoneos;
			};
			name = Debug;
		};
		1A75E4F1187C79C200961844 /* Release */ = {
			isa = XCBuildConfiguration;
			buildSettings = {
				ALWAYS_SEARCH_USER_PATHS = NO;
				CLANG_CXX_LANGUAGE_STANDARD = "gnu++0x";
				CLANG_CXX_LIBRARY = "libc++";
				CLANG_ENABLE_MODULES = YES;
				CLANG_ENABLE_OBJC_ARC = YES;
				CLANG_WARN_BOOL_CONVERSION = YES;
				CLANG_WARN_CONSTANT_CONVERSION = YES;
				CLANG_WARN_DIRECT_OBJC_ISA_USAGE = YES_ERROR;
				CLANG_WARN_EMPTY_BODY = YES;
				CLANG_WARN_ENUM_CONVERSION = YES;
				CLANG_WARN_INT_CONVERSION = YES;
				CLANG_WARN_OBJC_ROOT_CLASS = YES_ERROR;
				CLANG_WARN__DUPLICATE_METHOD_MATCH = YES;
				COPY_PHASE_STRIP = YES;
				ENABLE_NS_ASSERTIONS = NO;
				GCC_C_LANGUAGE_STANDARD = gnu99;
				GCC_WARN_64_TO_32_BIT_CONVERSION = YES;
				GCC_WARN_ABOUT_RETURN_TYPE = YES_ERROR;
				GCC_WARN_UNDECLARED_SELECTOR = YES;
				GCC_WARN_UNINITIALIZED_AUTOS = YES;
				GCC_WARN_UNUSED_FUNCTION = YES;
				GCC_WARN_UNUSED_VARIABLE = YES;
				IPHONEOS_DEPLOYMENT_TARGET = 7.0;
				SDKROOT = iphoneos;
				VALIDATE_PRODUCT = YES;
			};
			name = Release;
		};
		1A75E4F3187C79C200961844 /* Debug */ = {
			isa = XCBuildConfiguration;
			buildSettings = {
				COPY_PHASE_STRIP = NO;
				DEAD_CODE_STRIPPING = NO;
				DSTROOT = /tmp/PetFinderAPI.dst;
				GCC_PRECOMPILE_PREFIX_HEADER = YES;
				GCC_PREFIX_HEADER = "PetFinderAPI/PetFinderAPI-Prefix.pch";
				ONLY_ACTIVE_ARCH = NO;
				OTHER_LDFLAGS = "-ObjC";
				PRODUCT_NAME = "$(TARGET_NAME)";
				PUBLIC_HEADERS_FOLDER_PATH = "$(PROJECT_NAME)Headers";
				SKIP_INSTALL = YES;
				STRIP_STYLE = "non-global";
			};
			name = Debug;
		};
		1A75E4F4187C79C200961844 /* Release */ = {
			isa = XCBuildConfiguration;
			buildSettings = {
				COPY_PHASE_STRIP = NO;
				DEAD_CODE_STRIPPING = NO;
				DSTROOT = /tmp/PetFinderAPI.dst;
				GCC_PRECOMPILE_PREFIX_HEADER = YES;
				GCC_PREFIX_HEADER = "PetFinderAPI/PetFinderAPI-Prefix.pch";
				OTHER_LDFLAGS = "-ObjC";
				PRODUCT_NAME = "$(TARGET_NAME)";
				PUBLIC_HEADERS_FOLDER_PATH = "$(PROJECT_NAME)Headers";
				SKIP_INSTALL = YES;
				STRIP_STYLE = "non-global";
			};
			name = Release;
		};
		1A75E4F6187C79C200961844 /* Debug */ = {
			isa = XCBuildConfiguration;
			buildSettings = {
				FRAMEWORK_SEARCH_PATHS = (
					"$(SDKROOT)/Developer/Library/Frameworks",
					"$(inherited)",
					"$(DEVELOPER_FRAMEWORKS_DIR)",
				);
				GCC_PRECOMPILE_PREFIX_HEADER = YES;
				GCC_PREFIX_HEADER = "PetFinderAPI/PetFinderAPI-Prefix.pch";
				GCC_PREPROCESSOR_DEFINITIONS = (
					"DEBUG=1",
					"$(inherited)",
				);
				INFOPLIST_FILE = "PetFinderAPITests/PetFinderAPITests-Info.plist";
				PRODUCT_NAME = "$(TARGET_NAME)";
				WRAPPER_EXTENSION = xctest;
			};
			name = Debug;
		};
		1A75E4F7187C79C200961844 /* Release */ = {
			isa = XCBuildConfiguration;
			buildSettings = {
				FRAMEWORK_SEARCH_PATHS = (
					"$(SDKROOT)/Developer/Library/Frameworks",
					"$(inherited)",
					"$(DEVELOPER_FRAMEWORKS_DIR)",
				);
				GCC_PRECOMPILE_PREFIX_HEADER = YES;
				GCC_PREFIX_HEADER = "PetFinderAPI/PetFinderAPI-Prefix.pch";
				INFOPLIST_FILE = "PetFinderAPITests/PetFinderAPITests-Info.plist";
				PRODUCT_NAME = "$(TARGET_NAME)";
				WRAPPER_EXTENSION = xctest;
			};
			name = Release;
		};
		1A75E4FD187C7AD800961844 /* Debug */ = {
			isa = XCBuildConfiguration;
			buildSettings = {
				PRODUCT_NAME = "$(TARGET_NAME)";
			};
			name = Debug;
		};
		1A75E4FE187C7AD800961844 /* Release */ = {
			isa = XCBuildConfiguration;
			buildSettings = {
				PRODUCT_NAME = "$(TARGET_NAME)";
			};
			name = Release;
		};
		1AE3650019D73D050066AA0C /* Ad Hoc */ = {
			isa = XCBuildConfiguration;
			buildSettings = {
				ALWAYS_SEARCH_USER_PATHS = NO;
				CLANG_CXX_LANGUAGE_STANDARD = "gnu++0x";
				CLANG_CXX_LIBRARY = "libc++";
				CLANG_ENABLE_MODULES = YES;
				CLANG_ENABLE_OBJC_ARC = YES;
				CLANG_WARN_BOOL_CONVERSION = YES;
				CLANG_WARN_CONSTANT_CONVERSION = YES;
				CLANG_WARN_DIRECT_OBJC_ISA_USAGE = YES_ERROR;
				CLANG_WARN_EMPTY_BODY = YES;
				CLANG_WARN_ENUM_CONVERSION = YES;
				CLANG_WARN_INT_CONVERSION = YES;
				CLANG_WARN_OBJC_ROOT_CLASS = YES_ERROR;
				CLANG_WARN__DUPLICATE_METHOD_MATCH = YES;
				COPY_PHASE_STRIP = NO;
				GCC_C_LANGUAGE_STANDARD = gnu99;
				GCC_DYNAMIC_NO_PIC = NO;
				GCC_OPTIMIZATION_LEVEL = 0;
				GCC_PREPROCESSOR_DEFINITIONS = (
					"DEBUG=1",
					"$(inherited)",
				);
				GCC_SYMBOLS_PRIVATE_EXTERN = NO;
				GCC_WARN_64_TO_32_BIT_CONVERSION = YES;
				GCC_WARN_ABOUT_RETURN_TYPE = YES_ERROR;
				GCC_WARN_UNDECLARED_SELECTOR = YES;
				GCC_WARN_UNINITIALIZED_AUTOS = YES;
				GCC_WARN_UNUSED_FUNCTION = YES;
				GCC_WARN_UNUSED_VARIABLE = YES;
				IPHONEOS_DEPLOYMENT_TARGET = 7.0;
				ONLY_ACTIVE_ARCH = YES;
				SDKROOT = iphoneos;
			};
			name = "Ad Hoc";
		};
		1AE3650119D73D050066AA0C /* Ad Hoc */ = {
			isa = XCBuildConfiguration;
			buildSettings = {
				COPY_PHASE_STRIP = NO;
				DEAD_CODE_STRIPPING = NO;
				DSTROOT = /tmp/PetFinderAPI.dst;
				GCC_PRECOMPILE_PREFIX_HEADER = YES;
				GCC_PREFIX_HEADER = "PetFinderAPI/PetFinderAPI-Prefix.pch";
				ONLY_ACTIVE_ARCH = NO;
				OTHER_LDFLAGS = "-ObjC";
				PRODUCT_NAME = "$(TARGET_NAME)";
				PUBLIC_HEADERS_FOLDER_PATH = "$(PROJECT_NAME)Headers";
				SKIP_INSTALL = YES;
				STRIP_STYLE = "non-global";
			};
			name = "Ad Hoc";
		};
		1AE3650219D73D050066AA0C /* Ad Hoc */ = {
			isa = XCBuildConfiguration;
			buildSettings = {
				FRAMEWORK_SEARCH_PATHS = (
					"$(SDKROOT)/Developer/Library/Frameworks",
					"$(inherited)",
					"$(DEVELOPER_FRAMEWORKS_DIR)",
				);
				GCC_PRECOMPILE_PREFIX_HEADER = YES;
				GCC_PREFIX_HEADER = "PetFinderAPI/PetFinderAPI-Prefix.pch";
				GCC_PREPROCESSOR_DEFINITIONS = (
					"DEBUG=1",
					"$(inherited)",
				);
				INFOPLIST_FILE = "PetFinderAPITests/PetFinderAPITests-Info.plist";
				PRODUCT_NAME = "$(TARGET_NAME)";
				WRAPPER_EXTENSION = xctest;
			};
			name = "Ad Hoc";
		};
		1AE3650319D73D050066AA0C /* Ad Hoc */ = {
			isa = XCBuildConfiguration;
			buildSettings = {
				PRODUCT_NAME = "$(TARGET_NAME)";
			};
			name = "Ad Hoc";
		};
/* End XCBuildConfiguration section */

/* Begin XCConfigurationList section */
		1A75E4CA187C79C200961844 /* Build configuration list for PBXProject "PetFinderAPI" */ = {
			isa = XCConfigurationList;
			buildConfigurations = (
				1A75E4F0187C79C200961844 /* Debug */,
				1AE3650019D73D050066AA0C /* Ad Hoc */,
				1A75E4F1187C79C200961844 /* Release */,
			);
			defaultConfigurationIsVisible = 0;
			defaultConfigurationName = Release;
		};
		1A75E4F2187C79C200961844 /* Build configuration list for PBXNativeTarget "PetFinderAPI" */ = {
			isa = XCConfigurationList;
			buildConfigurations = (
				1A75E4F3187C79C200961844 /* Debug */,
				1AE3650119D73D050066AA0C /* Ad Hoc */,
				1A75E4F4187C79C200961844 /* Release */,
			);
			defaultConfigurationIsVisible = 0;
			defaultConfigurationName = Release;
		};
		1A75E4F5187C79C200961844 /* Build configuration list for PBXNativeTarget "PetFinderAPITests" */ = {
			isa = XCConfigurationList;
			buildConfigurations = (
				1A75E4F6187C79C200961844 /* Debug */,
				1AE3650219D73D050066AA0C /* Ad Hoc */,
				1A75E4F7187C79C200961844 /* Release */,
			);
			defaultConfigurationIsVisible = 0;
			defaultConfigurationName = Release;
		};
		1A75E4FC187C7AD800961844 /* Build configuration list for PBXAggregateTarget "Framework" */ = {
			isa = XCConfigurationList;
			buildConfigurations = (
				1A75E4FD187C7AD800961844 /* Debug */,
				1AE3650319D73D050066AA0C /* Ad Hoc */,
				1A75E4FE187C7AD800961844 /* Release */,
			);
			defaultConfigurationIsVisible = 0;
			defaultConfigurationName = Release;
		};
/* End XCConfigurationList section */
	};
	rootObject = 1A75E4C7187C79C200961844 /* Project object */;
}
